
Microsoft Visual Studio Solution File, Format Version 12.00
# Visual Studio Version 17
VisualStudioVersion = 17.13.35828.75
MinimumVisualStudioVersion = 10.0.40219.1
Project("{2150E333-8FDC-42A3-9474-1A3956D46DE8}") = "Services", "Services", "{52F859D6-6CD6-421E-AE48-23E13ADE0E70}"
EndProject
Project("{9A19103F-16F7-4668-BE54-9A1E7A4F7556}") = "SecureService.Entity", "SecureService.Entity\SecureService.Entity.csproj", "{15688F19-C6B8-40E1-BFF7-2CA7EA1E0A3B}"
EndProject
Project("{9A19103F-16F7-4668-BE54-9A1E7A4F7556}") = "SecureService.DAL", "SecureService.DAL\SecureService.DAL.csproj", "{37CC6324-0218-4347-B8A7-1E8CA971C1C0}"
EndProject
Project("{9A19103F-16F7-4668-BE54-9A1E7A4F7556}") = "SecureService.BLL", "SecureService.BLL\SecureService.BLL.csproj", "{E8648250-66CB-4F5D-822A-AE78073C6350}"
EndProject
Project("{9A19103F-16F7-4668-BE54-9A1E7A4F7556}") = "SecureService.API", "SecureService.API\SecureService.API.csproj", "{837511A7-7C92-40E6-8329-208F9706FFB8}"
EndProject
Project("{9A19103F-16F7-4668-BE54-9A1E7A4F7556}") = "SecureService.Logging", "SecureService.Logging\SecureService.Logging.csproj", "{8DA0966F-FD8D-4474-BE4F-D020AA864006}"
EndProject
Project("{FAE04EC0-301F-11D3-BF4B-00C04F79EFBC}") = "SecureService.Context", "SecureService.Context\SecureService.Context.csproj", "{C415C31D-5D67-F200-0643-94C2B21A58F4}"
EndProject
Global
	GlobalSection(SolutionConfigurationPlatforms) = preSolution
		Debug|Any CPU = Debug|Any CPU
		Release|Any CPU = Release|Any CPU
	EndGlobalSection
	GlobalSection(ProjectConfigurationPlatforms) = postSolution
		{15688F19-C6B8-40E1-BFF7-2CA7EA1E0A3B}.Debug|Any CPU.ActiveCfg = Debug|Any CPU
		{15688F19-C6B8-40E1-BFF7-2CA7EA1E0A3B}.Debug|Any CPU.Build.0 = Debug|Any CPU
		{15688F19-C6B8-40E1-BFF7-2CA7EA1E0A3B}.Release|Any CPU.ActiveCfg = Release|Any CPU
		{15688F19-C6B8-40E1-BFF7-2CA7EA1E0A3B}.Release|Any CPU.Build.0 = Release|Any CPU
		{37CC6324-0218-4347-B8A7-1E8CA971C1C0}.Debug|Any CPU.ActiveCfg = Debug|Any CPU
		{37CC6324-0218-4347-B8A7-1E8CA971C1C0}.Debug|Any CPU.Build.0 = Debug|Any CPU
		{37CC6324-0218-4347-B8A7-1E8CA971C1C0}.Release|Any CPU.ActiveCfg = Release|Any CPU
		{37CC6324-0218-4347-B8A7-1E8CA971C1C0}.Release|Any CPU.Build.0 = Release|Any CPU
		{E8648250-66CB-4F5D-822A-AE78073C6350}.Debug|Any CPU.ActiveCfg = Debug|Any CPU
		{E8648250-66CB-4F5D-822A-AE78073C6350}.Debug|Any CPU.Build.0 = Debug|Any CPU
		{E8648250-66CB-4F5D-822A-AE78073C6350}.Release|Any CPU.ActiveCfg = Release|Any CPU
		{E8648250-66CB-4F5D-822A-AE78073C6350}.Release|Any CPU.Build.0 = Release|Any CPU
		{837511A7-7C92-40E6-8329-208F9706FFB8}.Debug|Any CPU.ActiveCfg = Debug|Any CPU
		{837511A7-7C92-40E6-8329-208F9706FFB8}.Debug|Any CPU.Build.0 = Debug|Any CPU
		{837511A7-7C92-40E6-8329-208F9706FFB8}.Release|Any CPU.ActiveCfg = Release|Any CPU
		{837511A7-7C92-40E6-8329-208F9706FFB8}.Release|Any CPU.Build.0 = Release|Any CPU
		{8DA0966F-FD8D-4474-BE4F-D020AA864006}.Debug|Any CPU.ActiveCfg = Debug|Any CPU
		{8DA0966F-FD8D-4474-BE4F-D020AA864006}.Debug|Any CPU.Build.0 = Debug|Any CPU
		{8DA0966F-FD8D-4474-BE4F-D020AA864006}.Release|Any CPU.ActiveCfg = Release|Any CPU
		{8DA0966F-FD8D-4474-BE4F-D020AA864006}.Release|Any CPU.Build.0 = Release|Any CPU
		{C415C31D-5D67-F200-0643-94C2B21A58F4}.Debug|Any CPU.ActiveCfg = Debug|Any CPU
		{C415C31D-5D67-F200-0643-94C2B21A58F4}.Debug|Any CPU.Build.0 = Debug|Any CPU
		{C415C31D-5D67-F200-0643-94C2B21A58F4}.Release|Any CPU.ActiveCfg = Release|Any CPU
		{C415C31D-5D67-F200-0643-94C2B21A58F4}.Release|Any CPU.Build.0 = Release|Any CPU
	EndGlobalSection
	GlobalSection(SolutionProperties) = preSolution
		HideSolutionNode = FALSE
	EndGlobalSection
	GlobalSection(NestedProjects) = preSolution
		{15688F19-C6B8-40E1-BFF7-2CA7EA1E0A3B} = {52F859D6-6CD6-421E-AE48-23E13ADE0E70}
		{37CC6324-0218-4347-B8A7-1E8CA971C1C0} = {52F859D6-6CD6-421E-AE48-23E13ADE0E70}
		{E8648250-66CB-4F5D-822A-AE78073C6350} = {52F859D6-6CD6-421E-AE48-23E13ADE0E70}
		{837511A7-7C92-40E6-8329-208F9706FFB8} = {52F859D6-6CD6-421E-AE48-23E13ADE0E70}
		{8DA0966F-FD8D-4474-BE4F-D020AA864006} = {52F859D6-6CD6-421E-AE48-23E13ADE0E70}
		{C415C31D-5D67-F200-0643-94C2B21A58F4} = {52F859D6-6CD6-421E-AE48-23E13ADE0E70}
	EndGlobalSection
	GlobalSection(ExtensibilityGlobals) = postSolution
		SolutionGuid = {E4EE5244-DAB8-4277-9989-8BDF07C82F04}
	EndGlobalSection
EndGlobal
